
Microsoft Visual Studio Solution File, Format Version 12.00
# Visual Studio Version 17
VisualStudioVersion = 17.5.33502.453
MinimumVisualStudioVersion = 10.0.40219.1
Project("{9A19103F-16F7-4668-BE54-9A1E7A4F7556}") = "BookStore.User", "BookStore.User\BookStore.User.csproj", "{52999620-7623-4ACC-AC3E-898DFAE0A876}"
EndProject
Global
	GlobalSection(SolutionConfigurationPlatforms) = preSolution
		Debug|Any CPU = Debug|Any CPU
		Release|Any CPU = Release|Any CPU
	EndGlobalSection
	GlobalSection(ProjectConfigurationPlatforms) = postSolution
		{52999620-7623-4ACC-AC3E-898DFAE0A876}.Debug|Any CPU.ActiveCfg = Debug|Any CPU
		{52999620-7623-4ACC-AC3E-898DFAE0A876}.Debug|Any CPU.Build.0 = Debug|Any CPU
		{52999620-7623-4ACC-AC3E-898DFAE0A876}.Release|Any CPU.ActiveCfg = Release|Any CPU
		{52999620-7623-4ACC-AC3E-898DFAE0A876}.Release|Any CPU.Build.0 = Release|Any CPU
	EndGlobalSection
	GlobalSection(SolutionProperties) = preSolution
		HideSolutionNode = FALSE
	EndGlobalSection
	GlobalSection(ExtensibilityGlobals) = postSolution
		SolutionGuid = {A1C3254C-F973-4EF5-8709-7A7D3C91292B}
	EndGlobalSection
EndGlobal
